
Microsoft Visual Studio Solution File, Format Version 12.00
# Visual Studio 15
VisualStudioVersion = 15.0.28010.2050
MinimumVisualStudioVersion = 10.0.40219.1
Project("{9A19103F-16F7-4668-BE54-9A1E7A4F7556}") = "sample", "sample.csproj", "{59BF0A60-39EC-49A3-91B4-B326038776CA}"
EndProject
Global
	GlobalSection(SolutionConfigurationPlatforms) = preSolution
		Debug|Any CPU = Debug|Any CPU
		Release|Any CPU = Release|Any CPU
	EndGlobalSection
	GlobalSection(ProjectConfigurationPlatforms) = postSolution
		{59BF0A60-39EC-49A3-91B4-B326038776CA}.Debug|Any CPU.ActiveCfg = Debug|Any CPU
		{59BF0A60-39EC-49A3-91B4-B326038776CA}.Debug|Any CPU.Build.0 = Debug|Any CPU
		{59BF0A60-39EC-49A3-91B4-B326038776CA}.Release|Any CPU.ActiveCfg = Release|Any CPU
		{59BF0A60-39EC-49A3-91B4-B326038776CA}.Release|Any CPU.Build.0 = Release|Any CPU
	EndGlobalSection
	GlobalSection(SolutionProperties) = preSolution
		HideSolutionNode = FALSE
	EndGlobalSection
	GlobalSection(ExtensibilityGlobals) = postSolution
		SolutionGuid = {67152B67-88C1-4976-BC4D-25D5043A1A85}
	EndGlobalSection
EndGlobal
